
Microsoft Visual Studio Solution File, Format Version 12.00
# Visual Studio 15
VisualStudioVersion = 15.0.27130.2036
MinimumVisualStudioVersion = 10.0.40219.1
Project("{FAE04EC0-301F-11D3-BF4B-00C04F79EFBC}") = "timestamps editor", "timestamps editor\timestamps editor.csproj", "{57A6FC42-640B-4CEB-B906-5B56828F326C}"
EndProject
Global
	GlobalSection(SolutionConfigurationPlatforms) = preSolution
		Debug|Any CPU = Debug|Any CPU
		Release|Any CPU = Release|Any CPU
	EndGlobalSection
	GlobalSection(ProjectConfigurationPlatforms) = postSolution
		{57A6FC42-640B-4CEB-B906-5B56828F326C}.Debug|Any CPU.ActiveCfg = Debug|Any CPU
		{57A6FC42-640B-4CEB-B906-5B56828F326C}.Debug|Any CPU.Build.0 = Debug|Any CPU
		{57A6FC42-640B-4CEB-B906-5B56828F326C}.Release|Any CPU.ActiveCfg = Release|Any CPU
		{57A6FC42-640B-4CEB-B906-5B56828F326C}.Release|Any CPU.Build.0 = Release|Any CPU
	EndGlobalSection
	GlobalSection(SolutionProperties) = preSolution
		HideSolutionNode = FALSE
	EndGlobalSection
	GlobalSection(ExtensibilityGlobals) = postSolution
		SolutionGuid = {1D88BC3D-65FE-49CE-9F9B-45A2118653D9}
	EndGlobalSection
EndGlobal
